
Microsoft Visual Studio Solution File, Format Version 12.00
# Visual Studio 15
VisualStudioVersion = 15.0.28010.2041
MinimumVisualStudioVersion = 10.0.40219.1
Project("{8BC9CEB8-8B4A-11D0-8D11-00A0C91BC942}") = "simd-histogram", "simd-histogram\simd-histogram.vcxproj", "{B12702AD-ABFB-343A-A199-8E24837244A3}"
EndProject
Project("{8BC9CEB8-8B4A-11D0-8D11-00A0C91BC942}") = "DLL_ASM", "DLL_ASM\DLL_ASM.vcxproj", "{EBF099C7-9854-4AA3-967F-4151FF734E4E}"
EndProject
Project("{8BC9CEB8-8B4A-11D0-8D11-00A0C91BC942}") = "DLL_CPP", "DLL_CPP\DLL_CPP.vcxproj", "{44740F03-22CB-4BC9-9F6D-D895F906398F}"
EndProject
Global
	GlobalSection(SolutionConfigurationPlatforms) = preSolution
		Debug|x64 = Debug|x64
		Debug|x86 = Debug|x86
		Release|x64 = Release|x64
		Release|x86 = Release|x86
	EndGlobalSection
	GlobalSection(ProjectConfigurationPlatforms) = postSolution
		{B12702AD-ABFB-343A-A199-8E24837244A3}.Debug|x64.ActiveCfg = Debug|x64
		{B12702AD-ABFB-343A-A199-8E24837244A3}.Debug|x64.Build.0 = Debug|x64
		{B12702AD-ABFB-343A-A199-8E24837244A3}.Debug|x86.ActiveCfg = Debug|x64
		{B12702AD-ABFB-343A-A199-8E24837244A3}.Release|x64.ActiveCfg = Release|x64
		{B12702AD-ABFB-343A-A199-8E24837244A3}.Release|x64.Build.0 = Release|x64
		{B12702AD-ABFB-343A-A199-8E24837244A3}.Release|x86.ActiveCfg = Release|x64
		{EBF099C7-9854-4AA3-967F-4151FF734E4E}.Debug|x64.ActiveCfg = Debug|x64
		{EBF099C7-9854-4AA3-967F-4151FF734E4E}.Debug|x64.Build.0 = Debug|x64
		{EBF099C7-9854-4AA3-967F-4151FF734E4E}.Debug|x86.ActiveCfg = Debug|Win32
		{EBF099C7-9854-4AA3-967F-4151FF734E4E}.Debug|x86.Build.0 = Debug|Win32
		{EBF099C7-9854-4AA3-967F-4151FF734E4E}.Release|x64.ActiveCfg = Release|x64
		{EBF099C7-9854-4AA3-967F-4151FF734E4E}.Release|x64.Build.0 = Release|x64
		{EBF099C7-9854-4AA3-967F-4151FF734E4E}.Release|x86.ActiveCfg = Release|Win32
		{EBF099C7-9854-4AA3-967F-4151FF734E4E}.Release|x86.Build.0 = Release|Win32
		{44740F03-22CB-4BC9-9F6D-D895F906398F}.Debug|x64.ActiveCfg = Debug|x64
		{44740F03-22CB-4BC9-9F6D-D895F906398F}.Debug|x64.Build.0 = Debug|x64
		{44740F03-22CB-4BC9-9F6D-D895F906398F}.Debug|x86.ActiveCfg = Debug|Win32
		{44740F03-22CB-4BC9-9F6D-D895F906398F}.Debug|x86.Build.0 = Debug|Win32
		{44740F03-22CB-4BC9-9F6D-D895F906398F}.Release|x64.ActiveCfg = Release|x64
		{44740F03-22CB-4BC9-9F6D-D895F906398F}.Release|x64.Build.0 = Release|x64
		{44740F03-22CB-4BC9-9F6D-D895F906398F}.Release|x86.ActiveCfg = Release|Win32
		{44740F03-22CB-4BC9-9F6D-D895F906398F}.Release|x86.Build.0 = Release|Win32
	EndGlobalSection
	GlobalSection(SolutionProperties) = preSolution
		HideSolutionNode = FALSE
	EndGlobalSection
	GlobalSection(ExtensibilityGlobals) = postSolution
		SolutionGuid = {8CB736D1-46F3-410F-BEBE-7BA088891959}
	EndGlobalSection
EndGlobal
